
Microsoft Visual Studio Solution File, Format Version 12.00
# Visual Studio Version 17
VisualStudioVersion = 17.13.35931.197
MinimumVisualStudioVersion = 10.0.40219.1
Project("{FAE04EC0-301F-11D3-BF4B-00C04F79EFBC}") = "PlantAIProject.Domain", "PlantAIProject.Domain\PlantAIProject.Domain.csproj", "{58172E6A-4B9A-47F3-8D08-714C3ACDE288}"
EndProject
Project("{FAE04EC0-301F-11D3-BF4B-00C04F79EFBC}") = "PlantAIProject.Application", "PlantAIProject.Application\PlantAIProject.Application.csproj", "{7E690CE1-BB53-40E2-89A3-61B724EB05B1}"
EndProject
Project("{FAE04EC0-301F-11D3-BF4B-00C04F79EFBC}") = "PlantAIProject.Infrastructure", "PlantAIProject.Infrastructure\PlantAIProject.Infrastructure.csproj", "{3D66ABB8-7D0B-4A2B-B842-EC49D4B2D4CA}"
EndProject
Project("{FAE04EC0-301F-11D3-BF4B-00C04F79EFBC}") = "PlantAIProject.Api", "PlantAIProject.Api\PlantAIProject.Api.csproj", "{DAE67F81-9249-48A0-A003-F20886BDCDB7}"
EndProject
Global
	GlobalSection(SolutionConfigurationPlatforms) = preSolution
		Debug|Any CPU = Debug|Any CPU
		Release|Any CPU = Release|Any CPU
	EndGlobalSection
	GlobalSection(ProjectConfigurationPlatforms) = postSolution
		{58172E6A-4B9A-47F3-8D08-714C3ACDE288}.Debug|Any CPU.ActiveCfg = Debug|Any CPU
		{58172E6A-4B9A-47F3-8D08-714C3ACDE288}.Debug|Any CPU.Build.0 = Debug|Any CPU
		{58172E6A-4B9A-47F3-8D08-714C3ACDE288}.Release|Any CPU.ActiveCfg = Release|Any CPU
		{58172E6A-4B9A-47F3-8D08-714C3ACDE288}.Release|Any CPU.Build.0 = Release|Any CPU
		{7E690CE1-BB53-40E2-89A3-61B724EB05B1}.Debug|Any CPU.ActiveCfg = Debug|Any CPU
		{7E690CE1-BB53-40E2-89A3-61B724EB05B1}.Debug|Any CPU.Build.0 = Debug|Any CPU
		{7E690CE1-BB53-40E2-89A3-61B724EB05B1}.Release|Any CPU.ActiveCfg = Release|Any CPU
		{7E690CE1-BB53-40E2-89A3-61B724EB05B1}.Release|Any CPU.Build.0 = Release|Any CPU
		{3D66ABB8-7D0B-4A2B-B842-EC49D4B2D4CA}.Debug|Any CPU.ActiveCfg = Debug|Any CPU
		{3D66ABB8-7D0B-4A2B-B842-EC49D4B2D4CA}.Debug|Any CPU.Build.0 = Debug|Any CPU
		{3D66ABB8-7D0B-4A2B-B842-EC49D4B2D4CA}.Release|Any CPU.ActiveCfg = Release|Any CPU
		{3D66ABB8-7D0B-4A2B-B842-EC49D4B2D4CA}.Release|Any CPU.Build.0 = Release|Any CPU
		{DAE67F81-9249-48A0-A003-F20886BDCDB7}.Debug|Any CPU.ActiveCfg = Debug|Any CPU
		{DAE67F81-9249-48A0-A003-F20886BDCDB7}.Debug|Any CPU.Build.0 = Debug|Any CPU
		{DAE67F81-9249-48A0-A003-F20886BDCDB7}.Release|Any CPU.ActiveCfg = Release|Any CPU
		{DAE67F81-9249-48A0-A003-F20886BDCDB7}.Release|Any CPU.Build.0 = Release|Any CPU
	EndGlobalSection
	GlobalSection(SolutionProperties) = preSolution
		HideSolutionNode = FALSE
	EndGlobalSection
	GlobalSection(ExtensibilityGlobals) = postSolution
		SolutionGuid = {33DBFFC9-B3A8-4330-8BE1-1C299C2044A0}
	EndGlobalSection
EndGlobal
